version = 1
revision = 3
requires-python = ">=3.11, <3.14"

[[package]]
name = "attrs"
version = "25.4.0"
source = { registry = "https://pypi.org/simple" }
sdist = { url = "https://files.pythonhosted.org/packages/6b/5c/685e6633917e101e5dcb62b9dd76946cbb57c26e133bae9e0cd36033c0a9/attrs-25.4.0.tar.gz", hash = "sha256:16d5969b87f0859ef33a48b35d55ac1be6e42ae49d5e853b597db70c35c57e11", size = 934251, upload-time = "2025-10-06T13:54:44.725Z" }
wheels = [
    { url = "https://files.pythonhosted.org/packages/3a/2a/7cc015f5b9f5db42b7d48157e23356022889fc354a2813c15934b7cb5c0e/attrs-25.4.0-py3-none-any.whl", hash = "sha256:adcf7e2a1fb3b36ac48d97835bb6d8ade15b8dcce26aba8bf1d14847b57a3373", size = 67615, upload-time = "2025-10-06T13:54:43.17Z" },
]

[[package]]
name = "bump2version"
version = "1.0.1"
source = { registry = "https://pypi.org/simple" }
sdist = { url = "https://files.pythonhosted.org/packages/29/2a/688aca6eeebfe8941235be53f4da780c6edee05dbbea5d7abaa3aab6fad2/bump2version-1.0.1.tar.gz", hash = "sha256:762cb2bfad61f4ec8e2bdf452c7c267416f8c70dd9ecb1653fd0bbb01fa936e6", size = 36236, upload-time = "2020-10-07T18:38:40.119Z" }
wheels = [
    { url = "https://files.pythonhosted.org/packages/1d/e3/fa60c47d7c344533142eb3af0b73234ef8ea3fb2da742ab976b947e717df/bump2version-1.0.1-py2.py3-none-any.whl", hash = "sha256:37f927ea17cde7ae2d7baf832f8e80ce3777624554a653006c9144f8017fe410", size = 22030, upload-time = "2020-10-07T18:38:38.148Z" },
]

[[package]]
name = "bumpversion"
version = "0.6.0"
source = { registry = "https://pypi.org/simple" }
dependencies = [
    { name = "bump2version" },
]
sdist = { url = "https://files.pythonhosted.org/packages/34/f5/e95fcd8de146884cf5ecf30f227e13c3615584ccef8c8cca18140a27b664/bumpversion-0.6.0.tar.gz", hash = "sha256:4ba55e4080d373f80177b4dabef146c07ce73c7d1377aabf9d3c3ae1f94584a6", size = 11897, upload-time = "2020-05-14T02:19:39.534Z" }
wheels = [
    { url = "https://files.pythonhosted.org/packages/4e/ff/93f0db7b3ca337e9f2a289980083e858775dfb3672b38052c6911b36ea66/bumpversion-0.6.0-py2.py3-none-any.whl", hash = "sha256:4eb3267a38194d09f048a2179980bb4803701969bff2c85fa8f6d1ce050be15e", size = 8449, upload-time = "2020-05-14T02:19:37.745Z" },
]

[[package]]
name = "colorama"
version = "0.4.6"
source = { registry = "https://pypi.org/simple" }
sdist = { url = "https://files.pythonhosted.org/packages/d8/53/6f443c9a4a8358a93a6792e2acffb9d9d5cb0a5cfd8802644b7b1c9a02e4/colorama-0.4.6.tar.gz", hash = "sha256:08695f5cb7ed6e0531a20572697297273c47b8cae5a63ffc6d6ed5c201be6e44", size = 27697, upload-time = "2022-10-25T02:36:22.414Z" }
wheels = [
    { url = "https://files.pythonhosted.org/packages/d1/d6/3965ed04c63042e047cb6a3e6ed1a63a35087b6a609aa3a15ed8ac56c221/colorama-0.4.6-py2.py3-none-any.whl", hash = "sha256:4f1d9991f5acc0ca119f9d443620b77f9d6b33703e51011c16baf57afb285fc6", size = 25335, upload-time = "2022-10-25T02:36:20.889Z" },
]

[[package]]
name = "cyclopts"
version = "4.7.0"
source = { registry = "https://pypi.org/simple" }
dependencies = [
    { name = "attrs" },
    { name = "docstring-parser" },
    { name = "rich" },
    { name = "rich-rst" },
]
sdist = { url = "https://files.pythonhosted.org/packages/b3/a7/61825c9c46dd9d3d2a231c9792753fc3fe2822a90734a619b1a23ed0f05f/cyclopts-4.7.0.tar.gz", hash = "sha256:1d0fd440b8d21a55d14f830033eb1ac156933424df3e90afeea34cfb3ed73822", size = 163447, upload-time = "2026-03-05T02:57:49.501Z" }
wheels = [
    { url = "https://files.pythonhosted.org/packages/5b/08/a631a99df0e9f49c73ec682a9d1e05e5887cf79f04076792aacb4caac6b2/cyclopts-4.7.0-py3-none-any.whl", hash = "sha256:c659d930797a8470f2914a8f8f8be263b339cb6ffb6593b4a59fa9d84b8e0e38", size = 201270, upload-time = "2026-03-05T02:57:50.988Z" },
]

[[package]]
name = "docstring-parser"
version = "0.17.0"
source = { registry = "https://pypi.org/simple" }
sdist = { url = "https://files.pythonhosted.org/packages/b2/9d/c3b43da9515bd270df0f80548d9944e389870713cc1fe2b8fb35fe2bcefd/docstring_parser-0.17.0.tar.gz", hash = "sha256:583de4a309722b3315439bb31d64ba3eebada841f2e2cee23b99df001434c912", size = 27442, upload-time = "2025-07-21T07:35:01.868Z" }
wheels = [
    { url = "https://files.pythonhosted.org/packages/55/e2/2537ebcff11c1ee1ff17d8d0b6f4db75873e3b0fb32c2d4a2ee31ecb310a/docstring_parser-0.17.0-py3-none-any.whl", hash = "sha256:cf2569abd23dce8099b300f9b4fa8191e9582dda731fd533daf54c4551658708", size = 36896, upload-time = "2025-07-21T07:35:00.684Z" },
]

[[package]]
name = "docutils"
version = "0.22.4"
source = { registry = "https://pypi.org/simple" }
sdist = { url = "https://files.pythonhosted.org/packages/ae/b6/03bb70946330e88ffec97aefd3ea75ba575cb2e762061e0e62a213befee8/docutils-0.22.4.tar.gz", hash = "sha256:4db53b1fde9abecbb74d91230d32ab626d94f6badfc575d6db9194a49df29968", size = 2291750, upload-time = "2025-12-18T19:00:26.443Z" }
wheels = [
    { url = "https://files.pythonhosted.org/packages/02/10/5da547df7a391dcde17f59520a231527b8571e6f46fc8efb02ccb370ab12/docutils-0.22.4-py3-none-any.whl", hash = "sha256:d0013f540772d1420576855455d050a2180186c91c15779301ac2ccb3eeb68de", size = 633196, upload-time = "2025-12-18T19:00:18.077Z" },
]

[[package]]
name = "iniconfig"
version = "2.3.0"
source = { registry = "https://pypi.org/simple" }
sdist = { url = "https://files.pythonhosted.org/packages/72/34/14ca021ce8e5dfedc35312d08ba8bf51fdd999c576889fc2c24cb97f4f10/iniconfig-2.3.0.tar.gz", hash = "sha256:c76315c77db068650d49c5b56314774a7804df16fee4402c1f19d6d15d8c4730", size = 20503, upload-time = "2025-10-18T21:55:43.219Z" }
wheels = [
    { url = "https://files.pythonhosted.org/packages/cb/b1/3846dd7f199d53cb17f49cba7e651e9ce294d8497c8c150530ed11865bb8/iniconfig-2.3.0-py3-none-any.whl", hash = "sha256:f631c04d2c48c52b84d0d0549c99ff3859c98df65b3101406327ecc7d53fbf12", size = 7484, upload-time = "2025-10-18T21:55:41.639Z" },
]

[[package]]
name = "lfp-build"
version = "0.0.10"
source = { editable = "." }
dependencies = [
    { name = "cyclopts" },
    { name = "lfp-logging" },
    { name = "mergedeep" },
    { name = "python-dotenv" },
    { name = "ruff" },
    { name = "sitecustomize-entrypoints" },
    { name = "tomlkit" },
    { name = "uv" },
]

[package.dev-dependencies]
dev = [
    { name = "bumpversion" },
    { name = "pytest" },
]

[package.metadata]
requires-dist = [
    { name = "cyclopts" },
    { name = "lfp-logging" },
    { name = "mergedeep" },
    { name = "python-dotenv" },
    { name = "ruff" },
    { name = "sitecustomize-entrypoints" },
    { name = "tomlkit" },
    { name = "uv", specifier = ">=0.9.9" },
]

[package.metadata.requires-dev]
dev = [
    { name = "bumpversion" },
    { name = "pytest" },
]

[[package]]
name = "lfp-logging"
version = "0.0.4"
source = { registry = "https://pypi.org/simple" }
sdist = { url = "https://files.pythonhosted.org/packages/76/44/a81817a7debc89a5ae1c4e9327765cea018e7313b5c50acea42837ccf643/lfp_logging-0.0.4.tar.gz", hash = "sha256:dfadf3d9db763b337da76538f567655b0d3e38f0e8ee683869e504e44ed28ede", size = 6761, upload-time = "2026-03-06T04:13:17.529Z" }
wheels = [
    { url = "https://files.pythonhosted.org/packages/2d/bc/1c8f980e914223185019c9efc56d1993198c87c03107b545f4845d1c2856/lfp_logging-0.0.4-py3-none-any.whl", hash = "sha256:d04834fa606096a44b4b86f1612152ebde0dda26c9568b902dc5376f6820bee9", size = 8102, upload-time = "2026-03-06T04:13:16.285Z" },
]

[[package]]
name = "markdown-it-py"
version = "4.0.0"
source = { registry = "https://pypi.org/simple" }
dependencies = [
    { name = "mdurl" },
]
sdist = { url = "https://files.pythonhosted.org/packages/5b/f5/4ec618ed16cc4f8fb3b701563655a69816155e79e24a17b651541804721d/markdown_it_py-4.0.0.tar.gz", hash = "sha256:cb0a2b4aa34f932c007117b194e945bd74e0ec24133ceb5bac59009cda1cb9f3", size = 73070, upload-time = "2025-08-11T12:57:52.854Z" }
wheels = [
    { url = "https://files.pythonhosted.org/packages/94/54/e7d793b573f298e1c9013b8c4dade17d481164aa517d1d7148619c2cedbf/markdown_it_py-4.0.0-py3-none-any.whl", hash = "sha256:87327c59b172c5011896038353a81343b6754500a08cd7a4973bb48c6d578147", size = 87321, upload-time = "2025-08-11T12:57:51.923Z" },
]

[[package]]
name = "mdurl"
version = "0.1.2"
source = { registry = "https://pypi.org/simple" }
sdist = { url = "https://files.pythonhosted.org/packages/d6/54/cfe61301667036ec958cb99bd3efefba235e65cdeb9c84d24a8293ba1d90/mdurl-0.1.2.tar.gz", hash = "sha256:bb413d29f5eea38f31dd4754dd7377d4465116fb207585f97bf925588687c1ba", size = 8729, upload-time = "2022-08-14T12:40:10.846Z" }
wheels = [
    { url = "https://files.pythonhosted.org/packages/b3/38/89ba8ad64ae25be8de66a6d463314cf1eb366222074cfda9ee839c56a4b4/mdurl-0.1.2-py3-none-any.whl", hash = "sha256:84008a41e51615a49fc9966191ff91509e3c40b939176e643fd50a5c2196b8f8", size = 9979, upload-time = "2022-08-14T12:40:09.779Z" },
]

[[package]]
name = "mergedeep"
version = "1.3.4"
source = { registry = "https://pypi.org/simple" }
sdist = { url = "https://files.pythonhosted.org/packages/3a/41/580bb4006e3ed0361b8151a01d324fb03f420815446c7def45d02f74c270/mergedeep-1.3.4.tar.gz", hash = "sha256:0096d52e9dad9939c3d975a774666af186eda617e6ca84df4c94dec30004f2a8", size = 4661, upload-time = "2021-02-05T18:55:30.623Z" }
wheels = [
    { url = "https://files.pythonhosted.org/packages/2c/19/04f9b178c2d8a15b076c8b5140708fa6ffc5601fb6f1e975537072df5b2a/mergedeep-1.3.4-py3-none-any.whl", hash = "sha256:70775750742b25c0d8f36c55aed03d24c3384d17c951b3175d898bd778ef0307", size = 6354, upload-time = "2021-02-05T18:55:29.583Z" },
]

[[package]]
name = "packaging"
version = "26.0"
source = { registry = "https://pypi.org/simple" }
sdist = { url = "https://files.pythonhosted.org/packages/65/ee/299d360cdc32edc7d2cf530f3accf79c4fca01e96ffc950d8a52213bd8e4/packaging-26.0.tar.gz", hash = "sha256:00243ae351a257117b6a241061796684b084ed1c516a08c48a3f7e147a9d80b4", size = 143416, upload-time = "2026-01-21T20:50:39.064Z" }
wheels = [
    { url = "https://files.pythonhosted.org/packages/b7/b9/c538f279a4e237a006a2c98387d081e9eb060d203d8ed34467cc0f0b9b53/packaging-26.0-py3-none-any.whl", hash = "sha256:b36f1fef9334a5588b4166f8bcd26a14e521f2b55e6b9de3aaa80d3ff7a37529", size = 74366, upload-time = "2026-01-21T20:50:37.788Z" },
]

[[package]]
name = "pluggy"
version = "1.6.0"
source = { registry = "https://pypi.org/simple" }
sdist = { url = "https://files.pythonhosted.org/packages/f9/e2/3e91f31a7d2b083fe6ef3fa267035b518369d9511ffab804f839851d2779/pluggy-1.6.0.tar.gz", hash = "sha256:7dcc130b76258d33b90f61b658791dede3486c3e6bfb003ee5c9bfb396dd22f3", size = 69412, upload-time = "2025-05-15T12:30:07.975Z" }
wheels = [
    { url = "https://files.pythonhosted.org/packages/54/20/4d324d65cc6d9205fabedc306948156824eb9f0ee1633355a8f7ec5c66bf/pluggy-1.6.0-py3-none-any.whl", hash = "sha256:e920276dd6813095e9377c0bc5566d94c932c33b27a3e3945d8389c374dd4746", size = 20538, upload-time = "2025-05-15T12:30:06.134Z" },
]

[[package]]
name = "pygments"
version = "2.19.2"
source = { registry = "https://pypi.org/simple" }
sdist = { url = "https://files.pythonhosted.org/packages/b0/77/a5b8c569bf593b0140bde72ea885a803b82086995367bf2037de0159d924/pygments-2.19.2.tar.gz", hash = "sha256:636cb2477cec7f8952536970bc533bc43743542f70392ae026374600add5b887", size = 4968631, upload-time = "2025-06-21T13:39:12.283Z" }
wheels = [
    { url = "https://files.pythonhosted.org/packages/c7/21/705964c7812476f378728bdf590ca4b771ec72385c533964653c68e86bdc/pygments-2.19.2-py3-none-any.whl", hash = "sha256:86540386c03d588bb81d44bc3928634ff26449851e99741617ecb9037ee5ec0b", size = 1225217, upload-time = "2025-06-21T13:39:07.939Z" },
]

[[package]]
name = "pytest"
version = "9.0.2"
source = { registry = "https://pypi.org/simple" }
dependencies = [
    { name = "colorama", marker = "sys_platform == 'win32'" },
    { name = "iniconfig" },
    { name = "packaging" },
    { name = "pluggy" },
    { name = "pygments" },
]
sdist = { url = "https://files.pythonhosted.org/packages/d1/db/7ef3487e0fb0049ddb5ce41d3a49c235bf9ad299b6a25d5780a89f19230f/pytest-9.0.2.tar.gz", hash = "sha256:75186651a92bd89611d1d9fc20f0b4345fd827c41ccd5c299a868a05d70edf11", size = 1568901, upload-time = "2025-12-06T21:30:51.014Z" }
wheels = [
    { url = "https://files.pythonhosted.org/packages/3b/ab/b3226f0bd7cdcf710fbede2b3548584366da3b19b5021e74f5bde2a8fa3f/pytest-9.0.2-py3-none-any.whl", hash = "sha256:711ffd45bf766d5264d487b917733b453d917afd2b0ad65223959f59089f875b", size = 374801, upload-time = "2025-12-06T21:30:49.154Z" },
]

[[package]]
name = "python-dotenv"
version = "1.2.2"
source = { registry = "https://pypi.org/simple" }
sdist = { url = "https://files.pythonhosted.org/packages/82/ed/0301aeeac3e5353ef3d94b6ec08bbcabd04a72018415dcb29e588514bba8/python_dotenv-1.2.2.tar.gz", hash = "sha256:2c371a91fbd7ba082c2c1dc1f8bf89ca22564a087c2c287cd9b662adde799cf3", size = 50135, upload-time = "2026-03-01T16:00:26.196Z" }
wheels = [
    { url = "https://files.pythonhosted.org/packages/0b/d7/1959b9648791274998a9c3526f6d0ec8fd2233e4d4acce81bbae76b44b2a/python_dotenv-1.2.2-py3-none-any.whl", hash = "sha256:1d8214789a24de455a8b8bd8ae6fe3c6b69a5e3d64aa8a8e5d68e694bbcb285a", size = 22101, upload-time = "2026-03-01T16:00:25.09Z" },
]

[[package]]
name = "rich"
version = "14.3.3"
source = { registry = "https://pypi.org/simple" }
dependencies = [
    { name = "markdown-it-py" },
    { name = "pygments" },
]
sdist = { url = "https://files.pythonhosted.org/packages/b3/c6/f3b320c27991c46f43ee9d856302c70dc2d0fb2dba4842ff739d5f46b393/rich-14.3.3.tar.gz", hash = "sha256:b8daa0b9e4eef54dd8cf7c86c03713f53241884e814f4e2f5fb342fe520f639b", size = 230582, upload-time = "2026-02-19T17:23:12.474Z" }
wheels = [
    { url = "https://files.pythonhosted.org/packages/14/25/b208c5683343959b670dc001595f2f3737e051da617f66c31f7c4fa93abc/rich-14.3.3-py3-none-any.whl", hash = "sha256:793431c1f8619afa7d3b52b2cdec859562b950ea0d4b6b505397612db8d5362d", size = 310458, upload-time = "2026-02-19T17:23:13.732Z" },
]

[[package]]
name = "rich-rst"
version = "1.3.2"
source = { registry = "https://pypi.org/simple" }
dependencies = [
    { name = "docutils" },
    { name = "rich" },
]
sdist = { url = "https://files.pythonhosted.org/packages/bc/6d/a506aaa4a9eaa945ed8ab2b7347859f53593864289853c5d6d62b77246e0/rich_rst-1.3.2.tar.gz", hash = "sha256:a1196fdddf1e364b02ec68a05e8ff8f6914fee10fbca2e6b6735f166bb0da8d4", size = 14936, upload-time = "2025-10-14T16:49:45.332Z" }
wheels = [
    { url = "https://files.pythonhosted.org/packages/13/2f/b4530fbf948867702d0a3f27de4a6aab1d156f406d72852ab902c4d04de9/rich_rst-1.3.2-py3-none-any.whl", hash = "sha256:a99b4907cbe118cf9d18b0b44de272efa61f15117c61e39ebdc431baf5df722a", size = 12567, upload-time = "2025-10-14T16:49:42.953Z" },
]

[[package]]
name = "ruff"
version = "0.15.5"
source = { registry = "https://pypi.org/simple" }
sdist = { url = "https://files.pythonhosted.org/packages/77/9b/840e0039e65fcf12758adf684d2289024d6140cde9268cc59887dc55189c/ruff-0.15.5.tar.gz", hash = "sha256:7c3601d3b6d76dce18c5c824fc8d06f4eef33d6df0c21ec7799510cde0f159a2", size = 4574214, upload-time = "2026-03-05T20:06:34.946Z" }
wheels = [
    { url = "https://files.pythonhosted.org/packages/47/20/5369c3ce21588c708bcbe517a8fbe1a8dfdb5dfd5137e14790b1da71612c/ruff-0.15.5-py3-none-linux_armv6l.whl", hash = "sha256:4ae44c42281f42e3b06b988e442d344a5b9b72450ff3c892e30d11b29a96a57c", size = 10478185, upload-time = "2026-03-05T20:06:29.093Z" },
    { url = "https://files.pythonhosted.org/packages/44/ed/e81dd668547da281e5dce710cf0bc60193f8d3d43833e8241d006720e42b/ruff-0.15.5-py3-none-macosx_10_12_x86_64.whl", hash = "sha256:6edd3792d408ebcf61adabc01822da687579a1a023f297618ac27a5b51ef0080", size = 10859201, upload-time = "2026-03-05T20:06:32.632Z" },
    { url = "https://files.pythonhosted.org/packages/c4/8f/533075f00aaf19b07c5cd6aa6e5d89424b06b3b3f4583bfa9c640a079059/ruff-0.15.5-py3-none-macosx_11_0_arm64.whl", hash = "sha256:89f463f7c8205a9f8dea9d658d59eff49db05f88f89cc3047fb1a02d9f344010", size = 10184752, upload-time = "2026-03-05T20:06:40.312Z" },
    { url = "https://files.pythonhosted.org/packages/66/0e/ba49e2c3fa0395b3152bad634c7432f7edfc509c133b8f4529053ff024fb/ruff-0.15.5-py3-none-manylinux_2_17_aarch64.manylinux2014_aarch64.whl", hash = "sha256:ba786a8295c6574c1116704cf0b9e6563de3432ac888d8f83685654fe528fd65", size = 10534857, upload-time = "2026-03-05T20:06:19.581Z" },
    { url = "https://files.pythonhosted.org/packages/59/71/39234440f27a226475a0659561adb0d784b4d247dfe7f43ffc12dd02e288/ruff-0.15.5-py3-none-manylinux_2_17_armv7l.manylinux2014_armv7l.whl", hash = "sha256:fd4b801e57955fe9f02b31d20375ab3a5c4415f2e5105b79fb94cf2642c91440", size = 10309120, upload-time = "2026-03-05T20:06:00.435Z" },
    { url = "https://files.pythonhosted.org/packages/f5/87/4140aa86a93df032156982b726f4952aaec4a883bb98cb6ef73c347da253/ruff-0.15.5-py3-none-manylinux_2_17_i686.manylinux2014_i686.whl", hash = "sha256:391f7c73388f3d8c11b794dbbc2959a5b5afe66642c142a6effa90b45f6f5204", size = 11047428, upload-time = "2026-03-05T20:05:51.867Z" },
    { url = "https://files.pythonhosted.org/packages/5a/f7/4953e7e3287676f78fbe85e3a0ca414c5ca81237b7575bdadc00229ac240/ruff-0.15.5-py3-none-manylinux_2_17_ppc64le.manylinux2014_ppc64le.whl", hash = "sha256:8dc18f30302e379fe1e998548b0f5e9f4dff907f52f73ad6da419ea9c19d66c8", size = 11914251, upload-time = "2026-03-05T20:06:22.887Z" },
    { url = "https://files.pythonhosted.org/packages/77/46/0f7c865c10cf896ccf5a939c3e84e1cfaeed608ff5249584799a74d33835/ruff-0.15.5-py3-none-manylinux_2_17_s390x.manylinux2014_s390x.whl", hash = "sha256:1cc6e7f90087e2d27f98dc34ed1b3ab7c8f0d273cc5431415454e22c0bd2a681", size = 11333801, upload-time = "2026-03-05T20:05:57.168Z" },
    { url = "https://files.pythonhosted.org/packages/d3/01/a10fe54b653061585e655f5286c2662ebddb68831ed3eaebfb0eb08c0a16/ruff-0.15.5-py3-none-manylinux_2_17_x86_64.manylinux2014_x86_64.whl", hash = "sha256:c1cb7169f53c1ddb06e71a9aebd7e98fc0fea936b39afb36d8e86d36ecc2636a", size = 11206821, upload-time = "2026-03-05T20:06:03.441Z" },
    { url = "https://files.pythonhosted.org/packages/7a/0d/2132ceaf20c5e8699aa83da2706ecb5c5dcdf78b453f77edca7fb70f8a93/ruff-0.15.5-py3-none-manylinux_2_31_riscv64.whl", hash = "sha256:9b037924500a31ee17389b5c8c4d88874cc6ea8e42f12e9c61a3d754ff72f1ca", size = 11133326, upload-time = "2026-03-05T20:06:25.655Z" },
    { url = "https://files.pythonhosted.org/packages/72/cb/2e5259a7eb2a0f87c08c0fe5bf5825a1e4b90883a52685524596bfc93072/ruff-0.15.5-py3-none-musllinux_1_2_aarch64.whl", hash = "sha256:65bb414e5b4eadd95a8c1e4804f6772bbe8995889f203a01f77ddf2d790929dd", size = 10510820, upload-time = "2026-03-05T20:06:37.79Z" },
    { url = "https://files.pythonhosted.org/packages/ff/20/b67ce78f9e6c59ffbdb5b4503d0090e749b5f2d31b599b554698a80d861c/ruff-0.15.5-py3-none-musllinux_1_2_armv7l.whl", hash = "sha256:d20aa469ae3b57033519c559e9bc9cd9e782842e39be05b50e852c7c981fa01d", size = 10302395, upload-time = "2026-03-05T20:05:54.504Z" },
    { url = "https://files.pythonhosted.org/packages/5f/e5/719f1acccd31b720d477751558ed74e9c88134adcc377e5e886af89d3072/ruff-0.15.5-py3-none-musllinux_1_2_i686.whl", hash = "sha256:15388dd28c9161cdb8eda68993533acc870aa4e646a0a277aa166de9ad5a8752", size = 10754069, upload-time = "2026-03-05T20:06:06.422Z" },
    { url = "https://files.pythonhosted.org/packages/c3/9c/d1db14469e32d98f3ca27079dbd30b7b44dbb5317d06ab36718dee3baf03/ruff-0.15.5-py3-none-musllinux_1_2_x86_64.whl", hash = "sha256:b30da330cbd03bed0c21420b6b953158f60c74c54c5f4c1dabbdf3a57bf355d2", size = 11304315, upload-time = "2026-03-05T20:06:10.867Z" },
    { url = "https://files.pythonhosted.org/packages/28/3a/950367aee7c69027f4f422059227b290ed780366b6aecee5de5039d50fa8/ruff-0.15.5-py3-none-win32.whl", hash = "sha256:732e5ee1f98ba5b3679029989a06ca39a950cced52143a0ea82a2102cb592b74", size = 10551676, upload-time = "2026-03-05T20:06:13.705Z" },
    { url = "https://files.pythonhosted.org/packages/b8/00/bf077a505b4e649bdd3c47ff8ec967735ce2544c8e4a43aba42ee9bf935d/ruff-0.15.5-py3-none-win_amd64.whl", hash = "sha256:821d41c5fa9e19117616c35eaa3f4b75046ec76c65e7ae20a333e9a8696bc7fe", size = 11678972, upload-time = "2026-03-05T20:06:45.379Z" },
    { url = "https://files.pythonhosted.org/packages/fe/4e/cd76eca6db6115604b7626668e891c9dd03330384082e33662fb0f113614/ruff-0.15.5-py3-none-win_arm64.whl", hash = "sha256:b498d1c60d2fe5c10c45ec3f698901065772730b411f164ae270bb6bfcc4740b", size = 10965572, upload-time = "2026-03-05T20:06:16.984Z" },
]

[[package]]
name = "sitecustomize-entrypoints"
version = "1.1.0"
source = { registry = "https://pypi.org/simple" }
sdist = { url = "https://files.pythonhosted.org/packages/25/88/c135ebdef2af797042a55fba89c79ca05b601f4dc36157a67a224d8090ca/sitecustomize-entrypoints-1.1.0.tar.gz", hash = "sha256:8bf9c9f3572e1709331f435a9bffd465320be77d65adda0f82b504594dc507b4", size = 24445, upload-time = "2023-04-10T16:59:55.551Z" }
wheels = [
    { url = "https://files.pythonhosted.org/packages/67/11/412160ea4a304ee65babef67254833408d0ac7145334406bb1a8bff6f3cb/sitecustomize_entrypoints-1.1.0-py3-none-any.whl", hash = "sha256:ca80648c58d9ebcad31de46a4726213ae322fe829b285a0105da0eae3f74cb53", size = 25279, upload-time = "2023-04-10T16:59:56.824Z" },
]

[[package]]
name = "tomlkit"
version = "0.14.0"
source = { registry = "https://pypi.org/simple" }
sdist = { url = "https://files.pythonhosted.org/packages/c3/af/14b24e41977adb296d6bd1fb59402cf7d60ce364f90c890bd2ec65c43b5a/tomlkit-0.14.0.tar.gz", hash = "sha256:cf00efca415dbd57575befb1f6634c4f42d2d87dbba376128adb42c121b87064", size = 187167, upload-time = "2026-01-13T01:14:53.304Z" }
wheels = [
    { url = "https://files.pythonhosted.org/packages/b5/11/87d6d29fb5d237229d67973a6c9e06e048f01cf4994dee194ab0ea841814/tomlkit-0.14.0-py3-none-any.whl", hash = "sha256:592064ed85b40fa213469f81ac584f67a4f2992509a7c3ea2d632208623a3680", size = 39310, upload-time = "2026-01-13T01:14:51.965Z" },
]

[[package]]
name = "uv"
version = "0.10.8"
source = { registry = "https://pypi.org/simple" }
sdist = { url = "https://files.pythonhosted.org/packages/a3/e7/600a90d4662dbd8414c1f6b709c8c79075d37d2044f72b94acbfaf29baad/uv-0.10.8.tar.gz", hash = "sha256:4b23242b5224c7eaea481ce6c6dbc210f0eafb447cf60211633980947cd23de4", size = 3936600, upload-time = "2026-03-03T21:35:22.386Z" }
wheels = [
    { url = "https://files.pythonhosted.org/packages/a6/6c/8ef256575242d5f3869c5a445ffd4363b91a89acb34a3e043bec2ad5a1be/uv-0.10.8-py3-none-linux_armv6l.whl", hash = "sha256:d214c82c7c14dd23f9aeb609d03070b8ea2b2f0cf249c9321cbbb5375a17e5df", size = 22461003, upload-time = "2026-03-03T21:35:20.093Z" },
    { url = "https://files.pythonhosted.org/packages/c9/fb/fd0656a92e6b9c4f92ddba7dcd76bd87469be500755125e06fea853dc212/uv-0.10.8-py3-none-macosx_10_12_x86_64.whl", hash = "sha256:d1315c3901c5859aec2c5b4a17da4c5410d17f6890890f9f1a31f25aa0fa9ace", size = 21549446, upload-time = "2026-03-03T21:35:58.203Z" },
    { url = "https://files.pythonhosted.org/packages/64/b9/1a4105df3afe7af99791f5b00fb037d85b2e3aaa1227e95878538d51ecf3/uv-0.10.8-py3-none-macosx_11_0_arm64.whl", hash = "sha256:a253e5d2cae9e02654de31918b610dfc8f1f16a33f34046603757820bc45ee1b", size = 20222180, upload-time = "2026-03-03T21:35:46.984Z" },
    { url = "https://files.pythonhosted.org/packages/c5/72/6e98e0f8b3fe80cb881c36492dca6d932fbb05f956dfdccbdb8ebe4ceff4/uv-0.10.8-py3-none-manylinux_2_17_aarch64.manylinux2014_aarch64.musllinux_1_1_aarch64.whl", hash = "sha256:57a24e15fd9dd4a36bcec2ccbe4b26d2a172c109e954a8940f5e8a8b965dae74", size = 22064813, upload-time = "2026-03-03T21:35:17.108Z" },
    { url = "https://files.pythonhosted.org/packages/71/b6/737da8577f4b1799f7024f6cd98fffcac77076a1b078b277cffc84946e96/uv-0.10.8-py3-none-manylinux_2_17_armv7l.manylinux2014_armv7l.musllinux_1_1_armv7l.whl", hash = "sha256:675dc659195f9b9811ef5534eb3f16459fc88e109aefacbc91c07751b5b9715a", size = 22064861, upload-time = "2026-03-03T21:35:25.067Z" },
    { url = "https://files.pythonhosted.org/packages/7e/21/464ee3cd81f44345953cb26dd49870811f7647f3074f7651775cadb2158b/uv-0.10.8-py3-none-manylinux_2_17_armv7l.manylinux2014_armv7l.whl", hash = "sha256:18d2968b0a50111c2fc6b782f7c63ded4f461c44efab537f552cf565f9aaae25", size = 22054515, upload-time = "2026-03-03T21:35:44.572Z" },
    { url = "https://files.pythonhosted.org/packages/11/2c/1c592d7b843ffa999502116b0dc573732b40cb37061a4acc741dcdb181da/uv-0.10.8-py3-none-manylinux_2_17_i686.manylinux2014_i686.whl", hash = "sha256:8ed3c7ebb6f757cddedb56dec3d7c745e5ea7310b11e12ae1c28f1e8172e7bbf", size = 23433992, upload-time = "2026-03-03T21:35:36.886Z" },
    { url = "https://files.pythonhosted.org/packages/f1/e2/2b716f0613746138294598668bbe65295a8da3d8fa104a756dec6284bf3c/uv-0.10.8-py3-none-manylinux_2_17_ppc64le.manylinux2014_ppc64le.whl", hash = "sha256:ffaf115501e33be0d4f13cb5b7c2b46b031d4c679a6109e24a7edfb719c44c6c", size = 24257250, upload-time = "2026-03-03T21:35:49.954Z" },
    { url = "https://files.pythonhosted.org/packages/3e/4d/0165e82cd1117cd6f8a7d9a2122c23cc091f7cf738aa4a2a54579420a08f/uv-0.10.8-py3-none-manylinux_2_17_s390x.manylinux2014_s390x.whl", hash = "sha256:0209ee8cb573e113ff4a760360f28448f9ebcdcf9c91ca49e872821de5d2d054", size = 23338918, upload-time = "2026-03-03T21:35:33.795Z" },
    { url = "https://files.pythonhosted.org/packages/20/74/652129a25145732482bb0020602507f52d9a5ca0e1a40ddd6deb27402333/uv-0.10.8-py3-none-manylinux_2_17_x86_64.manylinux2014_x86_64.whl", hash = "sha256:11dc790f732dc5fee61f0f6bd998fc2e9c200df1082245604ac091c32c23a523", size = 23259370, upload-time = "2026-03-03T21:35:39.478Z" },
    { url = "https://files.pythonhosted.org/packages/19/c5/6e5923d6c9e3b50dc8542647bea692b7c227a9489f59ddff4fdfb20d8459/uv-0.10.8-py3-none-manylinux_2_28_aarch64.whl", hash = "sha256:e26f8c35684face38db814d452dd1a2181152dbf7f7b2de1f547e6ba0c378d67", size = 22174747, upload-time = "2026-03-03T21:35:42.081Z" },
    { url = "https://files.pythonhosted.org/packages/92/cd/eee9e1883888327d07f51e7595ed5952e0bca2dc79d1c03b8a6e4309553e/uv-0.10.8-py3-none-manylinux_2_31_riscv64.whl", hash = "sha256:385add107d40c43dc00ca8c1a21ecf43101f846f8339eb7026bf6c9f6df7760d", size = 22893359, upload-time = "2026-03-03T21:35:30.802Z" },
    { url = "https://files.pythonhosted.org/packages/bf/36/407a22917e55ce5cc2e7af956e3b9d91648a96558858acef84e3c50d5ca8/uv-0.10.8-py3-none-musllinux_1_1_i686.whl", hash = "sha256:24e8eb28c4f05acb38e60fefe2a2b15f4283a3849ce580bf2a62aca0a13123b3", size = 22637451, upload-time = "2026-03-03T21:35:55.677Z" },
    { url = "https://files.pythonhosted.org/packages/21/d5/dabef9914e1ff27ad95e4b1daf59cd97c80e26a44c04c2870bcca7c83fc0/uv-0.10.8-py3-none-musllinux_1_1_x86_64.whl", hash = "sha256:73a8c1a1fceac73cd983dcc0a64f4f94f5fd1e5428681a5a76132574264504fb", size = 23480991, upload-time = "2026-03-03T21:35:52.809Z" },
    { url = "https://files.pythonhosted.org/packages/2f/c0/1a4a45a9246f087e9446d0d804a436f6ee0befeaef731b04d1b2802d9d8f/uv-0.10.8-py3-none-win32.whl", hash = "sha256:9f344fdb34938ce35e9211a1b866adfa0c7f043967652ed1431917514aeec062", size = 21579030, upload-time = "2026-03-03T21:35:28.176Z" },
    { url = "https://files.pythonhosted.org/packages/a4/2b/b29510efa1e6f409db105dbdafbd942ca3a2b638bef682ff2e5b9f6e4021/uv-0.10.8-py3-none-win_amd64.whl", hash = "sha256:1e63015284ed28c2112717256c328513215fb966a57c5870788eac2e8f949f28", size = 23944828, upload-time = "2026-03-03T21:36:00.763Z" },
    { url = "https://files.pythonhosted.org/packages/3f/9e/b5a11b0523171c0103c4fed54da76685a765ad4d3215e8220facfd24aed9/uv-0.10.8-py3-none-win_arm64.whl", hash = "sha256:a80284f46b6f2e0b3d03eb7c2d43e17139a4ec313e8b9f56a71efafc996804cb", size = 22322224, upload-time = "2026-03-03T21:35:14.148Z" },
]
