version = 1
revision = 3
requires-python = ">=3.11, <3.14"

[[package]]
name = "annotated-types"
version = "0.7.0"
source = { registry = "https://nexus.lfpconnect.io/repository/pypi.org/simple" }
sdist = { url = "https://nexus.lfpconnect.io/repository/pypi.org/packages/annotated-types/0.7.0/annotated_types-0.7.0.tar.gz", hash = "sha256:aff07c09a53a08bc8cfccb9c85b05f1aa9a2a6f23728d790723543408344ce89" }
wheels = [
    { url = "https://nexus.lfpconnect.io/repository/pypi.org/packages/annotated-types/0.7.0/annotated_types-0.7.0-py3-none-any.whl", hash = "sha256:1f02e8b43a8fbbc3f3e0d4f0f4bfc8131bcb4eebe8849b8e5c773f3a1c582a53" },
]

[[package]]
name = "anyio"
version = "4.12.1"
source = { registry = "https://nexus.lfpconnect.io/repository/pypi.org/simple" }
dependencies = [
    { name = "idna" },
    { name = "typing-extensions", marker = "python_full_version < '3.13'" },
]
sdist = { url = "https://nexus.lfpconnect.io/repository/pypi.org/packages/anyio/4.12.1/anyio-4.12.1.tar.gz", hash = "sha256:41cfcc3a4c85d3f05c932da7c26d0201ac36f72abd4435ba90d0464a3ffed703" }
wheels = [
    { url = "https://nexus.lfpconnect.io/repository/pypi.org/packages/anyio/4.12.1/anyio-4.12.1-py3-none-any.whl", hash = "sha256:d405828884fc140aa80a3c667b8beed277f1dfedec42ba031bd6ac3db606ab6c" },
]

[[package]]
name = "attrs"
version = "25.4.0"
source = { registry = "https://nexus.lfpconnect.io/repository/pypi.org/simple" }
sdist = { url = "https://nexus.lfpconnect.io/repository/pypi.org/packages/attrs/25.4.0/attrs-25.4.0.tar.gz", hash = "sha256:16d5969b87f0859ef33a48b35d55ac1be6e42ae49d5e853b597db70c35c57e11" }
wheels = [
    { url = "https://nexus.lfpconnect.io/repository/pypi.org/packages/attrs/25.4.0/attrs-25.4.0-py3-none-any.whl", hash = "sha256:adcf7e2a1fb3b36ac48d97835bb6d8ade15b8dcce26aba8bf1d14847b57a3373" },
]

[[package]]
name = "bracex"
version = "2.6"
source = { registry = "https://nexus.lfpconnect.io/repository/pypi.org/simple" }
sdist = { url = "https://nexus.lfpconnect.io/repository/pypi.org/packages/bracex/2.6/bracex-2.6.tar.gz", hash = "sha256:98f1347cd77e22ee8d967a30ad4e310b233f7754dbf31ff3fceb76145ba47dc7" }
wheels = [
    { url = "https://nexus.lfpconnect.io/repository/pypi.org/packages/bracex/2.6/bracex-2.6-py3-none-any.whl", hash = "sha256:0b0049264e7340b3ec782b5cb99beb325f36c3782a32e36e876452fd49a09952" },
]

[[package]]
name = "bump-my-version"
version = "1.2.7"
source = { registry = "https://nexus.lfpconnect.io/repository/pypi.org/simple" }
dependencies = [
    { name = "click" },
    { name = "httpx" },
    { name = "pydantic" },
    { name = "pydantic-settings" },
    { name = "questionary" },
    { name = "rich" },
    { name = "rich-click" },
    { name = "tomlkit" },
    { name = "wcmatch" },
]
sdist = { url = "https://nexus.lfpconnect.io/repository/pypi.org/packages/bump-my-version/1.2.7/bump_my_version-1.2.7.tar.gz", hash = "sha256:d915a10b41e0c9db5a2fa39bde9f45f92e1e4194242d819c9ceb9eca8831cd21" }
wheels = [
    { url = "https://nexus.lfpconnect.io/repository/pypi.org/packages/bump-my-version/1.2.7/bump_my_version-1.2.7-py3-none-any.whl", hash = "sha256:16f89360f979c0a8eb3249ebe3e13ae4f0cb5481d7bb58e12a9f66996922acfd" },
]

[[package]]
name = "certifi"
version = "2026.2.25"
source = { registry = "https://nexus.lfpconnect.io/repository/pypi.org/simple" }
sdist = { url = "https://nexus.lfpconnect.io/repository/pypi.org/packages/certifi/2026.2.25/certifi-2026.2.25.tar.gz", hash = "sha256:e887ab5cee78ea814d3472169153c2d12cd43b14bd03329a39a9c6e2e80bfba7" }
wheels = [
    { url = "https://nexus.lfpconnect.io/repository/pypi.org/packages/certifi/2026.2.25/certifi-2026.2.25-py3-none-any.whl", hash = "sha256:027692e4402ad994f1c42e52a4997a9763c646b73e4096e4d5d6db8af1d6f0fa" },
]

[[package]]
name = "click"
version = "8.3.1"
source = { registry = "https://nexus.lfpconnect.io/repository/pypi.org/simple" }
dependencies = [
    { name = "colorama", marker = "sys_platform == 'win32'" },
]
sdist = { url = "https://nexus.lfpconnect.io/repository/pypi.org/packages/click/8.3.1/click-8.3.1.tar.gz", hash = "sha256:12ff4785d337a1bb490bb7e9c2b1ee5da3112e94a8622f26a6c77f5d2fc6842a" }
wheels = [
    { url = "https://nexus.lfpconnect.io/repository/pypi.org/packages/click/8.3.1/click-8.3.1-py3-none-any.whl", hash = "sha256:981153a64e25f12d547d3426c367a4857371575ee7ad18df2a6183ab0545b2a6" },
]

[[package]]
name = "colorama"
version = "0.4.6"
source = { registry = "https://nexus.lfpconnect.io/repository/pypi.org/simple" }
sdist = { url = "https://nexus.lfpconnect.io/repository/pypi.org/packages/colorama/0.4.6/colorama-0.4.6.tar.gz", hash = "sha256:08695f5cb7ed6e0531a20572697297273c47b8cae5a63ffc6d6ed5c201be6e44" }
wheels = [
    { url = "https://nexus.lfpconnect.io/repository/pypi.org/packages/colorama/0.4.6/colorama-0.4.6-py2.py3-none-any.whl", hash = "sha256:4f1d9991f5acc0ca119f9d443620b77f9d6b33703e51011c16baf57afb285fc6" },
]

[[package]]
name = "cyclopts"
version = "4.7.0"
source = { registry = "https://nexus.lfpconnect.io/repository/pypi.org/simple" }
dependencies = [
    { name = "attrs" },
    { name = "docstring-parser" },
    { name = "rich" },
    { name = "rich-rst" },
]
sdist = { url = "https://nexus.lfpconnect.io/repository/pypi.org/packages/cyclopts/4.7.0/cyclopts-4.7.0.tar.gz", hash = "sha256:1d0fd440b8d21a55d14f830033eb1ac156933424df3e90afeea34cfb3ed73822" }
wheels = [
    { url = "https://nexus.lfpconnect.io/repository/pypi.org/packages/cyclopts/4.7.0/cyclopts-4.7.0-py3-none-any.whl", hash = "sha256:c659d930797a8470f2914a8f8f8be263b339cb6ffb6593b4a59fa9d84b8e0e38" },
]

[[package]]
name = "docstring-parser"
version = "0.17.0"
source = { registry = "https://nexus.lfpconnect.io/repository/pypi.org/simple" }
sdist = { url = "https://nexus.lfpconnect.io/repository/pypi.org/packages/docstring-parser/0.17.0/docstring_parser-0.17.0.tar.gz", hash = "sha256:583de4a309722b3315439bb31d64ba3eebada841f2e2cee23b99df001434c912" }
wheels = [
    { url = "https://nexus.lfpconnect.io/repository/pypi.org/packages/docstring-parser/0.17.0/docstring_parser-0.17.0-py3-none-any.whl", hash = "sha256:cf2569abd23dce8099b300f9b4fa8191e9582dda731fd533daf54c4551658708" },
]

[[package]]
name = "docutils"
version = "0.22.4"
source = { registry = "https://nexus.lfpconnect.io/repository/pypi.org/simple" }
sdist = { url = "https://nexus.lfpconnect.io/repository/pypi.org/packages/docutils/0.22.4/docutils-0.22.4.tar.gz", hash = "sha256:4db53b1fde9abecbb74d91230d32ab626d94f6badfc575d6db9194a49df29968" }
wheels = [
    { url = "https://nexus.lfpconnect.io/repository/pypi.org/packages/docutils/0.22.4/docutils-0.22.4-py3-none-any.whl", hash = "sha256:d0013f540772d1420576855455d050a2180186c91c15779301ac2ccb3eeb68de" },
]

[[package]]
name = "h11"
version = "0.16.0"
source = { registry = "https://nexus.lfpconnect.io/repository/pypi.org/simple" }
sdist = { url = "https://nexus.lfpconnect.io/repository/pypi.org/packages/h11/0.16.0/h11-0.16.0.tar.gz", hash = "sha256:4e35b956cf45792e4caa5885e69fba00bdbc6ffafbfa020300e549b208ee5ff1" }
wheels = [
    { url = "https://nexus.lfpconnect.io/repository/pypi.org/packages/h11/0.16.0/h11-0.16.0-py3-none-any.whl", hash = "sha256:63cf8bbe7522de3bf65932fda1d9c2772064ffb3dae62d55932da54b31cb6c86" },
]

[[package]]
name = "httpcore"
version = "1.0.9"
source = { registry = "https://nexus.lfpconnect.io/repository/pypi.org/simple" }
dependencies = [
    { name = "certifi" },
    { name = "h11" },
]
sdist = { url = "https://nexus.lfpconnect.io/repository/pypi.org/packages/httpcore/1.0.9/httpcore-1.0.9.tar.gz", hash = "sha256:6e34463af53fd2ab5d807f399a9b45ea31c3dfa2276f15a2c3f00afff6e176e8" }
wheels = [
    { url = "https://nexus.lfpconnect.io/repository/pypi.org/packages/httpcore/1.0.9/httpcore-1.0.9-py3-none-any.whl", hash = "sha256:2d400746a40668fc9dec9810239072b40b4484b640a8c38fd654a024c7a1bf55" },
]

[[package]]
name = "httpx"
version = "0.28.1"
source = { registry = "https://nexus.lfpconnect.io/repository/pypi.org/simple" }
dependencies = [
    { name = "anyio" },
    { name = "certifi" },
    { name = "httpcore" },
    { name = "idna" },
]
sdist = { url = "https://nexus.lfpconnect.io/repository/pypi.org/packages/httpx/0.28.1/httpx-0.28.1.tar.gz", hash = "sha256:75e98c5f16b0f35b567856f597f06ff2270a374470a5c2392242528e3e3e42fc" }
wheels = [
    { url = "https://nexus.lfpconnect.io/repository/pypi.org/packages/httpx/0.28.1/httpx-0.28.1-py3-none-any.whl", hash = "sha256:d909fcccc110f8c7faf814ca82a9a4d816bc5a6dbfea25d6591d6985b8ba59ad" },
]

[[package]]
name = "idna"
version = "3.11"
source = { registry = "https://nexus.lfpconnect.io/repository/pypi.org/simple" }
sdist = { url = "https://nexus.lfpconnect.io/repository/pypi.org/packages/idna/3.11/idna-3.11.tar.gz", hash = "sha256:795dafcc9c04ed0c1fb032c2aa73654d8e8c5023a7df64a53f39190ada629902" }
wheels = [
    { url = "https://nexus.lfpconnect.io/repository/pypi.org/packages/idna/3.11/idna-3.11-py3-none-any.whl", hash = "sha256:771a87f49d9defaf64091e6e6fe9c18d4833f140bd19464795bc32d966ca37ea" },
]

[[package]]
name = "iniconfig"
version = "2.3.0"
source = { registry = "https://nexus.lfpconnect.io/repository/pypi.org/simple" }
sdist = { url = "https://nexus.lfpconnect.io/repository/pypi.org/packages/iniconfig/2.3.0/iniconfig-2.3.0.tar.gz", hash = "sha256:c76315c77db068650d49c5b56314774a7804df16fee4402c1f19d6d15d8c4730" }
wheels = [
    { url = "https://nexus.lfpconnect.io/repository/pypi.org/packages/iniconfig/2.3.0/iniconfig-2.3.0-py3-none-any.whl", hash = "sha256:f631c04d2c48c52b84d0d0549c99ff3859c98df65b3101406327ecc7d53fbf12" },
]

[[package]]
name = "lfp-build"
version = "0.1.1"
source = { editable = "." }
dependencies = [
    { name = "cyclopts" },
    { name = "lfp-logging" },
    { name = "mergedeep" },
    { name = "python-dotenv" },
    { name = "ruff" },
    { name = "sitecustomize-entrypoints" },
    { name = "tomlkit" },
    { name = "uv" },
]

[package.dev-dependencies]
dev = [
    { name = "bump-my-version" },
    { name = "pytest" },
]

[package.metadata]
requires-dist = [
    { name = "cyclopts" },
    { name = "lfp-logging" },
    { name = "mergedeep" },
    { name = "python-dotenv" },
    { name = "ruff" },
    { name = "sitecustomize-entrypoints" },
    { name = "tomlkit" },
    { name = "uv", specifier = ">=0.9.9" },
]

[package.metadata.requires-dev]
dev = [
    { name = "bump-my-version" },
    { name = "pytest" },
]

[[package]]
name = "lfp-logging"
version = "0.0.6"
source = { registry = "https://nexus.lfpconnect.io/repository/pypi.org/simple" }
dependencies = [
    { name = "lfp-types" },
]
sdist = { url = "https://nexus.lfpconnect.io/repository/pypi.org/packages/lfp-logging/0.0.6/lfp_logging-0.0.6.tar.gz", hash = "sha256:a07a75a8c713a5e22299523ed4f5d6dfa2a85f33c9d01b81b57de5006d79aea3" }
wheels = [
    { url = "https://nexus.lfpconnect.io/repository/pypi.org/packages/lfp-logging/0.0.6/lfp_logging-0.0.6-py3-none-any.whl", hash = "sha256:0ea48e4aeb4ab0b35acb3648127b102e46fd7c0edc954c8f04a648f465ed6bca" },
]

[[package]]
name = "lfp-types"
version = "0.0.7"
source = { registry = "https://nexus.lfpconnect.io/repository/pypi.org/simple" }
sdist = { url = "https://nexus.lfpconnect.io/repository/pypi.org/packages/lfp-types/0.0.7/lfp_types-0.0.7.tar.gz", hash = "sha256:51f0f0059e082bd721596b38726ad8b2808a4aeed613262e0a3c122a008925a3" }
wheels = [
    { url = "https://nexus.lfpconnect.io/repository/pypi.org/packages/lfp-types/0.0.7/lfp_types-0.0.7-py3-none-any.whl", hash = "sha256:d618dfa3e29a71f5b7cf44878cd736892c68630f408d8120608bf1d6deb84bd0" },
]

[[package]]
name = "markdown-it-py"
version = "4.0.0"
source = { registry = "https://nexus.lfpconnect.io/repository/pypi.org/simple" }
dependencies = [
    { name = "mdurl" },
]
sdist = { url = "https://nexus.lfpconnect.io/repository/pypi.org/packages/markdown-it-py/4.0.0/markdown_it_py-4.0.0.tar.gz", hash = "sha256:cb0a2b4aa34f932c007117b194e945bd74e0ec24133ceb5bac59009cda1cb9f3" }
wheels = [
    { url = "https://nexus.lfpconnect.io/repository/pypi.org/packages/markdown-it-py/4.0.0/markdown_it_py-4.0.0-py3-none-any.whl", hash = "sha256:87327c59b172c5011896038353a81343b6754500a08cd7a4973bb48c6d578147" },
]

[[package]]
name = "mdurl"
version = "0.1.2"
source = { registry = "https://nexus.lfpconnect.io/repository/pypi.org/simple" }
sdist = { url = "https://nexus.lfpconnect.io/repository/pypi.org/packages/mdurl/0.1.2/mdurl-0.1.2.tar.gz", hash = "sha256:bb413d29f5eea38f31dd4754dd7377d4465116fb207585f97bf925588687c1ba" }
wheels = [
    { url = "https://nexus.lfpconnect.io/repository/pypi.org/packages/mdurl/0.1.2/mdurl-0.1.2-py3-none-any.whl", hash = "sha256:84008a41e51615a49fc9966191ff91509e3c40b939176e643fd50a5c2196b8f8" },
]

[[package]]
name = "mergedeep"
version = "1.3.4"
source = { registry = "https://nexus.lfpconnect.io/repository/pypi.org/simple" }
sdist = { url = "https://nexus.lfpconnect.io/repository/pypi.org/packages/mergedeep/1.3.4/mergedeep-1.3.4.tar.gz", hash = "sha256:0096d52e9dad9939c3d975a774666af186eda617e6ca84df4c94dec30004f2a8" }
wheels = [
    { url = "https://nexus.lfpconnect.io/repository/pypi.org/packages/mergedeep/1.3.4/mergedeep-1.3.4-py3-none-any.whl", hash = "sha256:70775750742b25c0d8f36c55aed03d24c3384d17c951b3175d898bd778ef0307" },
]

[[package]]
name = "packaging"
version = "26.0"
source = { registry = "https://nexus.lfpconnect.io/repository/pypi.org/simple" }
sdist = { url = "https://nexus.lfpconnect.io/repository/pypi.org/packages/packaging/26.0/packaging-26.0.tar.gz", hash = "sha256:00243ae351a257117b6a241061796684b084ed1c516a08c48a3f7e147a9d80b4" }
wheels = [
    { url = "https://nexus.lfpconnect.io/repository/pypi.org/packages/packaging/26.0/packaging-26.0-py3-none-any.whl", hash = "sha256:b36f1fef9334a5588b4166f8bcd26a14e521f2b55e6b9de3aaa80d3ff7a37529" },
]

[[package]]
name = "pluggy"
version = "1.6.0"
source = { registry = "https://nexus.lfpconnect.io/repository/pypi.org/simple" }
sdist = { url = "https://nexus.lfpconnect.io/repository/pypi.org/packages/pluggy/1.6.0/pluggy-1.6.0.tar.gz", hash = "sha256:7dcc130b76258d33b90f61b658791dede3486c3e6bfb003ee5c9bfb396dd22f3" }
wheels = [
    { url = "https://nexus.lfpconnect.io/repository/pypi.org/packages/pluggy/1.6.0/pluggy-1.6.0-py3-none-any.whl", hash = "sha256:e920276dd6813095e9377c0bc5566d94c932c33b27a3e3945d8389c374dd4746" },
]

[[package]]
name = "prompt-toolkit"
version = "3.0.52"
source = { registry = "https://nexus.lfpconnect.io/repository/pypi.org/simple" }
dependencies = [
    { name = "wcwidth" },
]
sdist = { url = "https://nexus.lfpconnect.io/repository/pypi.org/packages/prompt-toolkit/3.0.52/prompt_toolkit-3.0.52.tar.gz", hash = "sha256:28cde192929c8e7321de85de1ddbe736f1375148b02f2e17edd840042b1be855" }
wheels = [
    { url = "https://nexus.lfpconnect.io/repository/pypi.org/packages/prompt-toolkit/3.0.52/prompt_toolkit-3.0.52-py3-none-any.whl", hash = "sha256:9aac639a3bbd33284347de5ad8d68ecc044b91a762dc39b7c21095fcd6a19955" },
]

[[package]]
name = "pydantic"
version = "2.12.5"
source = { registry = "https://nexus.lfpconnect.io/repository/pypi.org/simple" }
dependencies = [
    { name = "annotated-types" },
    { name = "pydantic-core" },
    { name = "typing-extensions" },
    { name = "typing-inspection" },
]
sdist = { url = "https://nexus.lfpconnect.io/repository/pypi.org/packages/pydantic/2.12.5/pydantic-2.12.5.tar.gz", hash = "sha256:4d351024c75c0f085a9febbb665ce8c0c6ec5d30e903bdb6394b7ede26aebb49" }
wheels = [
    { url = "https://nexus.lfpconnect.io/repository/pypi.org/packages/pydantic/2.12.5/pydantic-2.12.5-py3-none-any.whl", hash = "sha256:e561593fccf61e8a20fc46dfc2dfe075b8be7d0188df33f221ad1f0139180f9d" },
]

[[package]]
name = "pydantic-core"
version = "2.41.5"
source = { registry = "https://nexus.lfpconnect.io/repository/pypi.org/simple" }
dependencies = [
    { name = "typing-extensions" },
]
sdist = { url = "https://nexus.lfpconnect.io/repository/pypi.org/packages/pydantic-core/2.41.5/pydantic_core-2.41.5.tar.gz", hash = "sha256:08daa51ea16ad373ffd5e7606252cc32f07bc72b28284b6bc9c6df804816476e" }
wheels = [
    { url = "https://nexus.lfpconnect.io/repository/pypi.org/packages/pydantic-core/2.41.5/pydantic_core-2.41.5-cp311-cp311-macosx_10_12_x86_64.whl", hash = "sha256:a3a52f6156e73e7ccb0f8cced536adccb7042be67cb45f9562e12b319c119da6" },
    { url = "https://nexus.lfpconnect.io/repository/pypi.org/packages/pydantic-core/2.41.5/pydantic_core-2.41.5-cp311-cp311-macosx_11_0_arm64.whl", hash = "sha256:7f3bf998340c6d4b0c9a2f02d6a400e51f123b59565d74dc60d252ce888c260b" },
    { url = "https://nexus.lfpconnect.io/repository/pypi.org/packages/pydantic-core/2.41.5/pydantic_core-2.41.5-cp311-cp311-manylinux_2_17_aarch64.manylinux2014_aarch64.whl", hash = "sha256:378bec5c66998815d224c9ca994f1e14c0c21cb95d2f52b6021cc0b2a58f2a5a" },
    { url = "https://nexus.lfpconnect.io/repository/pypi.org/packages/pydantic-core/2.41.5/pydantic_core-2.41.5-cp311-cp311-manylinux_2_17_armv7l.manylinux2014_armv7l.whl", hash = "sha256:e7b576130c69225432866fe2f4a469a85a54ade141d96fd396dffcf607b558f8" },
    { url = "https://nexus.lfpconnect.io/repository/pypi.org/packages/pydantic-core/2.41.5/pydantic_core-2.41.5-cp311-cp311-manylinux_2_17_ppc64le.manylinux2014_ppc64le.whl", hash = "sha256:6cb58b9c66f7e4179a2d5e0f849c48eff5c1fca560994d6eb6543abf955a149e" },
    { url = "https://nexus.lfpconnect.io/repository/pypi.org/packages/pydantic-core/2.41.5/pydantic_core-2.41.5-cp311-cp311-manylinux_2_17_s390x.manylinux2014_s390x.whl", hash = "sha256:88942d3a3dff3afc8288c21e565e476fc278902ae4d6d134f1eeda118cc830b1" },
    { url = "https://nexus.lfpconnect.io/repository/pypi.org/packages/pydantic-core/2.41.5/pydantic_core-2.41.5-cp311-cp311-manylinux_2_17_x86_64.manylinux2014_x86_64.whl", hash = "sha256:f31d95a179f8d64d90f6831d71fa93290893a33148d890ba15de25642c5d075b" },
    { url = "https://nexus.lfpconnect.io/repository/pypi.org/packages/pydantic-core/2.41.5/pydantic_core-2.41.5-cp311-cp311-manylinux_2_5_i686.manylinux1_i686.whl", hash = "sha256:c1df3d34aced70add6f867a8cf413e299177e0c22660cc767218373d0779487b" },
    { url = "https://nexus.lfpconnect.io/repository/pypi.org/packages/pydantic-core/2.41.5/pydantic_core-2.41.5-cp311-cp311-musllinux_1_1_aarch64.whl", hash = "sha256:4009935984bd36bd2c774e13f9a09563ce8de4abaa7226f5108262fa3e637284" },
    { url = "https://nexus.lfpconnect.io/repository/pypi.org/packages/pydantic-core/2.41.5/pydantic_core-2.41.5-cp311-cp311-musllinux_1_1_armv7l.whl", hash = "sha256:34a64bc3441dc1213096a20fe27e8e128bd3ff89921706e83c0b1ac971276594" },
    { url = "https://nexus.lfpconnect.io/repository/pypi.org/packages/pydantic-core/2.41.5/pydantic_core-2.41.5-cp311-cp311-musllinux_1_1_x86_64.whl", hash = "sha256:c9e19dd6e28fdcaa5a1de679aec4141f691023916427ef9bae8584f9c2fb3b0e" },
    { url = "https://nexus.lfpconnect.io/repository/pypi.org/packages/pydantic-core/2.41.5/pydantic_core-2.41.5-cp311-cp311-win32.whl", hash = "sha256:2c010c6ded393148374c0f6f0bf89d206bf3217f201faa0635dcd56bd1520f6b" },
    { url = "https://nexus.lfpconnect.io/repository/pypi.org/packages/pydantic-core/2.41.5/pydantic_core-2.41.5-cp311-cp311-win_amd64.whl", hash = "sha256:76ee27c6e9c7f16f47db7a94157112a2f3a00e958bc626e2f4ee8bec5c328fbe" },
    { url = "https://nexus.lfpconnect.io/repository/pypi.org/packages/pydantic-core/2.41.5/pydantic_core-2.41.5-cp311-cp311-win_arm64.whl", hash = "sha256:4bc36bbc0b7584de96561184ad7f012478987882ebf9f9c389b23f432ea3d90f" },
    { url = "https://nexus.lfpconnect.io/repository/pypi.org/packages/pydantic-core/2.41.5/pydantic_core-2.41.5-cp312-cp312-macosx_10_12_x86_64.whl", hash = "sha256:f41a7489d32336dbf2199c8c0a215390a751c5b014c2c1c5366e817202e9cdf7" },
    { url = "https://nexus.lfpconnect.io/repository/pypi.org/packages/pydantic-core/2.41.5/pydantic_core-2.41.5-cp312-cp312-macosx_11_0_arm64.whl", hash = "sha256:070259a8818988b9a84a449a2a7337c7f430a22acc0859c6b110aa7212a6d9c0" },
    { url = "https://nexus.lfpconnect.io/repository/pypi.org/packages/pydantic-core/2.41.5/pydantic_core-2.41.5-cp312-cp312-manylinux_2_17_aarch64.manylinux2014_aarch64.whl", hash = "sha256:e96cea19e34778f8d59fe40775a7a574d95816eb150850a85a7a4c8f4b94ac69" },
    { url = "https://nexus.lfpconnect.io/repository/pypi.org/packages/pydantic-core/2.41.5/pydantic_core-2.41.5-cp312-cp312-manylinux_2_17_armv7l.manylinux2014_armv7l.whl", hash = "sha256:ed2e99c456e3fadd05c991f8f437ef902e00eedf34320ba2b0842bd1c3ca3a75" },
    { url = "https://nexus.lfpconnect.io/repository/pypi.org/packages/pydantic-core/2.41.5/pydantic_core-2.41.5-cp312-cp312-manylinux_2_17_ppc64le.manylinux2014_ppc64le.whl", hash = "sha256:65840751b72fbfd82c3c640cff9284545342a4f1eb1586ad0636955b261b0b05" },
    { url = "https://nexus.lfpconnect.io/repository/pypi.org/packages/pydantic-core/2.41.5/pydantic_core-2.41.5-cp312-cp312-manylinux_2_17_s390x.manylinux2014_s390x.whl", hash = "sha256:e536c98a7626a98feb2d3eaf75944ef6f3dbee447e1f841eae16f2f0a72d8ddc" },
    { url = "https://nexus.lfpconnect.io/repository/pypi.org/packages/pydantic-core/2.41.5/pydantic_core-2.41.5-cp312-cp312-manylinux_2_17_x86_64.manylinux2014_x86_64.whl", hash = "sha256:eceb81a8d74f9267ef4081e246ffd6d129da5d87e37a77c9bde550cb04870c1c" },
    { url = "https://nexus.lfpconnect.io/repository/pypi.org/packages/pydantic-core/2.41.5/pydantic_core-2.41.5-cp312-cp312-manylinux_2_5_i686.manylinux1_i686.whl", hash = "sha256:d38548150c39b74aeeb0ce8ee1d8e82696f4a4e16ddc6de7b1d8823f7de4b9b5" },
    { url = "https://nexus.lfpconnect.io/repository/pypi.org/packages/pydantic-core/2.41.5/pydantic_core-2.41.5-cp312-cp312-musllinux_1_1_aarch64.whl", hash = "sha256:c23e27686783f60290e36827f9c626e63154b82b116d7fe9adba1fda36da706c" },
    { url = "https://nexus.lfpconnect.io/repository/pypi.org/packages/pydantic-core/2.41.5/pydantic_core-2.41.5-cp312-cp312-musllinux_1_1_armv7l.whl", hash = "sha256:482c982f814460eabe1d3bb0adfdc583387bd4691ef00b90575ca0d2b6fe2294" },
    { url = "https://nexus.lfpconnect.io/repository/pypi.org/packages/pydantic-core/2.41.5/pydantic_core-2.41.5-cp312-cp312-musllinux_1_1_x86_64.whl", hash = "sha256:bfea2a5f0b4d8d43adf9d7b8bf019fb46fdd10a2e5cde477fbcb9d1fa08c68e1" },
    { url = "https://nexus.lfpconnect.io/repository/pypi.org/packages/pydantic-core/2.41.5/pydantic_core-2.41.5-cp312-cp312-win32.whl", hash = "sha256:b74557b16e390ec12dca509bce9264c3bbd128f8a2c376eaa68003d7f327276d" },
    { url = "https://nexus.lfpconnect.io/repository/pypi.org/packages/pydantic-core/2.41.5/pydantic_core-2.41.5-cp312-cp312-win_amd64.whl", hash = "sha256:1962293292865bca8e54702b08a4f26da73adc83dd1fcf26fbc875b35d81c815" },
    { url = "https://nexus.lfpconnect.io/repository/pypi.org/packages/pydantic-core/2.41.5/pydantic_core-2.41.5-cp312-cp312-win_arm64.whl", hash = "sha256:1746d4a3d9a794cacae06a5eaaccb4b8643a131d45fbc9af23e353dc0a5ba5c3" },
    { url = "https://nexus.lfpconnect.io/repository/pypi.org/packages/pydantic-core/2.41.5/pydantic_core-2.41.5-cp313-cp313-macosx_10_12_x86_64.whl", hash = "sha256:941103c9be18ac8daf7b7adca8228f8ed6bb7a1849020f643b3a14d15b1924d9" },
    { url = "https://nexus.lfpconnect.io/repository/pypi.org/packages/pydantic-core/2.41.5/pydantic_core-2.41.5-cp313-cp313-macosx_11_0_arm64.whl", hash = "sha256:112e305c3314f40c93998e567879e887a3160bb8689ef3d2c04b6cc62c33ac34" },
    { url = "https://nexus.lfpconnect.io/repository/pypi.org/packages/pydantic-core/2.41.5/pydantic_core-2.41.5-cp313-cp313-manylinux_2_17_aarch64.manylinux2014_aarch64.whl", hash = "sha256:0cbaad15cb0c90aa221d43c00e77bb33c93e8d36e0bf74760cd00e732d10a6a0" },
    { url = "https://nexus.lfpconnect.io/repository/pypi.org/packages/pydantic-core/2.41.5/pydantic_core-2.41.5-cp313-cp313-manylinux_2_17_armv7l.manylinux2014_armv7l.whl", hash = "sha256:03ca43e12fab6023fc79d28ca6b39b05f794ad08ec2feccc59a339b02f2b3d33" },
    { url = "https://nexus.lfpconnect.io/repository/pypi.org/packages/pydantic-core/2.41.5/pydantic_core-2.41.5-cp313-cp313-manylinux_2_17_ppc64le.manylinux2014_ppc64le.whl", hash = "sha256:dc799088c08fa04e43144b164feb0c13f9a0bc40503f8df3e9fde58a3c0c101e" },
    { url = "https://nexus.lfpconnect.io/repository/pypi.org/packages/pydantic-core/2.41.5/pydantic_core-2.41.5-cp313-cp313-manylinux_2_17_s390x.manylinux2014_s390x.whl", hash = "sha256:97aeba56665b4c3235a0e52b2c2f5ae9cd071b8a8310ad27bddb3f7fb30e9aa2" },
    { url = "https://nexus.lfpconnect.io/repository/pypi.org/packages/pydantic-core/2.41.5/pydantic_core-2.41.5-cp313-cp313-manylinux_2_17_x86_64.manylinux2014_x86_64.whl", hash = "sha256:406bf18d345822d6c21366031003612b9c77b3e29ffdb0f612367352aab7d586" },
    { url = "https://nexus.lfpconnect.io/repository/pypi.org/packages/pydantic-core/2.41.5/pydantic_core-2.41.5-cp313-cp313-manylinux_2_5_i686.manylinux1_i686.whl", hash = "sha256:b93590ae81f7010dbe380cdeab6f515902ebcbefe0b9327cc4804d74e93ae69d" },
    { url = "https://nexus.lfpconnect.io/repository/pypi.org/packages/pydantic-core/2.41.5/pydantic_core-2.41.5-cp313-cp313-musllinux_1_1_aarch64.whl", hash = "sha256:01a3d0ab748ee531f4ea6c3e48ad9dac84ddba4b0d82291f87248f2f9de8d740" },
    { url = "https://nexus.lfpconnect.io/repository/pypi.org/packages/pydantic-core/2.41.5/pydantic_core-2.41.5-cp313-cp313-musllinux_1_1_armv7l.whl", hash = "sha256:6561e94ba9dacc9c61bce40e2d6bdc3bfaa0259d3ff36ace3b1e6901936d2e3e" },
    { url = "https://nexus.lfpconnect.io/repository/pypi.org/packages/pydantic-core/2.41.5/pydantic_core-2.41.5-cp313-cp313-musllinux_1_1_x86_64.whl", hash = "sha256:915c3d10f81bec3a74fbd4faebe8391013ba61e5a1a8d48c4455b923bdda7858" },
    { url = "https://nexus.lfpconnect.io/repository/pypi.org/packages/pydantic-core/2.41.5/pydantic_core-2.41.5-cp313-cp313-win32.whl", hash = "sha256:650ae77860b45cfa6e2cdafc42618ceafab3a2d9a3811fcfbd3bbf8ac3c40d36" },
    { url = "https://nexus.lfpconnect.io/repository/pypi.org/packages/pydantic-core/2.41.5/pydantic_core-2.41.5-cp313-cp313-win_amd64.whl", hash = "sha256:79ec52ec461e99e13791ec6508c722742ad745571f234ea6255bed38c6480f11" },
    { url = "https://nexus.lfpconnect.io/repository/pypi.org/packages/pydantic-core/2.41.5/pydantic_core-2.41.5-cp313-cp313-win_arm64.whl", hash = "sha256:3f84d5c1b4ab906093bdc1ff10484838aca54ef08de4afa9de0f5f14d69639cd" },
    { url = "https://nexus.lfpconnect.io/repository/pypi.org/packages/pydantic-core/2.41.5/pydantic_core-2.41.5-graalpy311-graalpy242_311_native-macosx_10_12_x86_64.whl", hash = "sha256:b96d5f26b05d03cc60f11a7761a5ded1741da411e7fe0909e27a5e6a0cb7b034" },
    { url = "https://nexus.lfpconnect.io/repository/pypi.org/packages/pydantic-core/2.41.5/pydantic_core-2.41.5-graalpy311-graalpy242_311_native-macosx_11_0_arm64.whl", hash = "sha256:634e8609e89ceecea15e2d61bc9ac3718caaaa71963717bf3c8f38bfde64242c" },
    { url = "https://nexus.lfpconnect.io/repository/pypi.org/packages/pydantic-core/2.41.5/pydantic_core-2.41.5-graalpy311-graalpy242_311_native-manylinux_2_17_aarch64.manylinux2014_aarch64.whl", hash = "sha256:93e8740d7503eb008aa2df04d3b9735f845d43ae845e6dcd2be0b55a2da43cd2" },
    { url = "https://nexus.lfpconnect.io/repository/pypi.org/packages/pydantic-core/2.41.5/pydantic_core-2.41.5-graalpy311-graalpy242_311_native-manylinux_2_17_x86_64.manylinux2014_x86_64.whl", hash = "sha256:f15489ba13d61f670dcc96772e733aad1a6f9c429cc27574c6cdaed82d0146ad" },
    { url = "https://nexus.lfpconnect.io/repository/pypi.org/packages/pydantic-core/2.41.5/pydantic_core-2.41.5-graalpy312-graalpy250_312_native-macosx_10_12_x86_64.whl", hash = "sha256:7da7087d756b19037bc2c06edc6c170eeef3c3bafcb8f532ff17d64dc427adfd" },
    { url = "https://nexus.lfpconnect.io/repository/pypi.org/packages/pydantic-core/2.41.5/pydantic_core-2.41.5-graalpy312-graalpy250_312_native-macosx_11_0_arm64.whl", hash = "sha256:aabf5777b5c8ca26f7824cb4a120a740c9588ed58df9b2d196ce92fba42ff8dc" },
    { url = "https://nexus.lfpconnect.io/repository/pypi.org/packages/pydantic-core/2.41.5/pydantic_core-2.41.5-graalpy312-graalpy250_312_native-manylinux_2_17_aarch64.manylinux2014_aarch64.whl", hash = "sha256:c007fe8a43d43b3969e8469004e9845944f1a80e6acd47c150856bb87f230c56" },
    { url = "https://nexus.lfpconnect.io/repository/pypi.org/packages/pydantic-core/2.41.5/pydantic_core-2.41.5-graalpy312-graalpy250_312_native-manylinux_2_17_x86_64.manylinux2014_x86_64.whl", hash = "sha256:76d0819de158cd855d1cbb8fcafdf6f5cf1eb8e470abe056d5d161106e38062b" },
    { url = "https://nexus.lfpconnect.io/repository/pypi.org/packages/pydantic-core/2.41.5/pydantic_core-2.41.5-pp311-pypy311_pp73-macosx_10_12_x86_64.whl", hash = "sha256:b2379fa7ed44ddecb5bfe4e48577d752db9fc10be00a6b7446e9663ba143de26" },
    { url = "https://nexus.lfpconnect.io/repository/pypi.org/packages/pydantic-core/2.41.5/pydantic_core-2.41.5-pp311-pypy311_pp73-macosx_11_0_arm64.whl", hash = "sha256:266fb4cbf5e3cbd0b53669a6d1b039c45e3ce651fd5442eff4d07c2cc8d66808" },
    { url = "https://nexus.lfpconnect.io/repository/pypi.org/packages/pydantic-core/2.41.5/pydantic_core-2.41.5-pp311-pypy311_pp73-manylinux_2_17_x86_64.manylinux2014_x86_64.whl", hash = "sha256:58133647260ea01e4d0500089a8c4f07bd7aa6ce109682b1426394988d8aaacc" },
    { url = "https://nexus.lfpconnect.io/repository/pypi.org/packages/pydantic-core/2.41.5/pydantic_core-2.41.5-pp311-pypy311_pp73-manylinux_2_5_i686.manylinux1_i686.whl", hash = "sha256:287dad91cfb551c363dc62899a80e9e14da1f0e2b6ebde82c806612ca2a13ef1" },
    { url = "https://nexus.lfpconnect.io/repository/pypi.org/packages/pydantic-core/2.41.5/pydantic_core-2.41.5-pp311-pypy311_pp73-musllinux_1_1_aarch64.whl", hash = "sha256:03b77d184b9eb40240ae9fd676ca364ce1085f203e1b1256f8ab9984dca80a84" },
    { url = "https://nexus.lfpconnect.io/repository/pypi.org/packages/pydantic-core/2.41.5/pydantic_core-2.41.5-pp311-pypy311_pp73-musllinux_1_1_armv7l.whl", hash = "sha256:a668ce24de96165bb239160b3d854943128f4334822900534f2fe947930e5770" },
    { url = "https://nexus.lfpconnect.io/repository/pypi.org/packages/pydantic-core/2.41.5/pydantic_core-2.41.5-pp311-pypy311_pp73-musllinux_1_1_x86_64.whl", hash = "sha256:f14f8f046c14563f8eb3f45f499cc658ab8d10072961e07225e507adb700e93f" },
    { url = "https://nexus.lfpconnect.io/repository/pypi.org/packages/pydantic-core/2.41.5/pydantic_core-2.41.5-pp311-pypy311_pp73-win_amd64.whl", hash = "sha256:56121965f7a4dc965bff783d70b907ddf3d57f6eba29b6d2e5dabfaf07799c51" },
]

[[package]]
name = "pydantic-settings"
version = "2.13.1"
source = { registry = "https://nexus.lfpconnect.io/repository/pypi.org/simple" }
dependencies = [
    { name = "pydantic" },
    { name = "python-dotenv" },
    { name = "typing-inspection" },
]
sdist = { url = "https://nexus.lfpconnect.io/repository/pypi.org/packages/pydantic-settings/2.13.1/pydantic_settings-2.13.1.tar.gz", hash = "sha256:b4c11847b15237fb0171e1462bf540e294affb9b86db4d9aa5c01730bdbe4025" }
wheels = [
    { url = "https://nexus.lfpconnect.io/repository/pypi.org/packages/pydantic-settings/2.13.1/pydantic_settings-2.13.1-py3-none-any.whl", hash = "sha256:d56fd801823dbeae7f0975e1f8c8e25c258eb75d278ea7abb5d9cebb01b56237" },
]

[[package]]
name = "pygments"
version = "2.19.2"
source = { registry = "https://nexus.lfpconnect.io/repository/pypi.org/simple" }
sdist = { url = "https://nexus.lfpconnect.io/repository/pypi.org/packages/pygments/2.19.2/pygments-2.19.2.tar.gz", hash = "sha256:636cb2477cec7f8952536970bc533bc43743542f70392ae026374600add5b887" }
wheels = [
    { url = "https://nexus.lfpconnect.io/repository/pypi.org/packages/pygments/2.19.2/pygments-2.19.2-py3-none-any.whl", hash = "sha256:86540386c03d588bb81d44bc3928634ff26449851e99741617ecb9037ee5ec0b" },
]

[[package]]
name = "pytest"
version = "9.0.2"
source = { registry = "https://nexus.lfpconnect.io/repository/pypi.org/simple" }
dependencies = [
    { name = "colorama", marker = "sys_platform == 'win32'" },
    { name = "iniconfig" },
    { name = "packaging" },
    { name = "pluggy" },
    { name = "pygments" },
]
sdist = { url = "https://nexus.lfpconnect.io/repository/pypi.org/packages/pytest/9.0.2/pytest-9.0.2.tar.gz", hash = "sha256:75186651a92bd89611d1d9fc20f0b4345fd827c41ccd5c299a868a05d70edf11" }
wheels = [
    { url = "https://nexus.lfpconnect.io/repository/pypi.org/packages/pytest/9.0.2/pytest-9.0.2-py3-none-any.whl", hash = "sha256:711ffd45bf766d5264d487b917733b453d917afd2b0ad65223959f59089f875b" },
]

[[package]]
name = "python-dotenv"
version = "1.2.2"
source = { registry = "https://nexus.lfpconnect.io/repository/pypi.org/simple" }
sdist = { url = "https://nexus.lfpconnect.io/repository/pypi.org/packages/python-dotenv/1.2.2/python_dotenv-1.2.2.tar.gz", hash = "sha256:2c371a91fbd7ba082c2c1dc1f8bf89ca22564a087c2c287cd9b662adde799cf3" }
wheels = [
    { url = "https://nexus.lfpconnect.io/repository/pypi.org/packages/python-dotenv/1.2.2/python_dotenv-1.2.2-py3-none-any.whl", hash = "sha256:1d8214789a24de455a8b8bd8ae6fe3c6b69a5e3d64aa8a8e5d68e694bbcb285a" },
]

[[package]]
name = "questionary"
version = "2.1.1"
source = { registry = "https://nexus.lfpconnect.io/repository/pypi.org/simple" }
dependencies = [
    { name = "prompt-toolkit" },
]
sdist = { url = "https://nexus.lfpconnect.io/repository/pypi.org/packages/questionary/2.1.1/questionary-2.1.1.tar.gz", hash = "sha256:3d7e980292bb0107abaa79c68dd3eee3c561b83a0f89ae482860b181c8bd412d" }
wheels = [
    { url = "https://nexus.lfpconnect.io/repository/pypi.org/packages/questionary/2.1.1/questionary-2.1.1-py3-none-any.whl", hash = "sha256:a51af13f345f1cdea62347589fbb6df3b290306ab8930713bfae4d475a7d4a59" },
]

[[package]]
name = "rich"
version = "14.3.3"
source = { registry = "https://nexus.lfpconnect.io/repository/pypi.org/simple" }
dependencies = [
    { name = "markdown-it-py" },
    { name = "pygments" },
]
sdist = { url = "https://nexus.lfpconnect.io/repository/pypi.org/packages/rich/14.3.3/rich-14.3.3.tar.gz", hash = "sha256:b8daa0b9e4eef54dd8cf7c86c03713f53241884e814f4e2f5fb342fe520f639b" }
wheels = [
    { url = "https://nexus.lfpconnect.io/repository/pypi.org/packages/rich/14.3.3/rich-14.3.3-py3-none-any.whl", hash = "sha256:793431c1f8619afa7d3b52b2cdec859562b950ea0d4b6b505397612db8d5362d" },
]

[[package]]
name = "rich-click"
version = "1.9.7"
source = { registry = "https://nexus.lfpconnect.io/repository/pypi.org/simple" }
dependencies = [
    { name = "click" },
    { name = "colorama", marker = "sys_platform == 'win32'" },
    { name = "rich" },
]
sdist = { url = "https://nexus.lfpconnect.io/repository/pypi.org/packages/rich-click/1.9.7/rich_click-1.9.7.tar.gz", hash = "sha256:022997c1e30731995bdbc8ec2f82819340d42543237f033a003c7b1f843fc5dc" }
wheels = [
    { url = "https://nexus.lfpconnect.io/repository/pypi.org/packages/rich-click/1.9.7/rich_click-1.9.7-py3-none-any.whl", hash = "sha256:2f99120fca78f536e07b114d3b60333bc4bb2a0969053b1250869bcdc1b5351b" },
]

[[package]]
name = "rich-rst"
version = "1.3.2"
source = { registry = "https://nexus.lfpconnect.io/repository/pypi.org/simple" }
dependencies = [
    { name = "docutils" },
    { name = "rich" },
]
sdist = { url = "https://nexus.lfpconnect.io/repository/pypi.org/packages/rich-rst/1.3.2/rich_rst-1.3.2.tar.gz", hash = "sha256:a1196fdddf1e364b02ec68a05e8ff8f6914fee10fbca2e6b6735f166bb0da8d4" }
wheels = [
    { url = "https://nexus.lfpconnect.io/repository/pypi.org/packages/rich-rst/1.3.2/rich_rst-1.3.2-py3-none-any.whl", hash = "sha256:a99b4907cbe118cf9d18b0b44de272efa61f15117c61e39ebdc431baf5df722a" },
]

[[package]]
name = "ruff"
version = "0.15.5"
source = { registry = "https://nexus.lfpconnect.io/repository/pypi.org/simple" }
sdist = { url = "https://nexus.lfpconnect.io/repository/pypi.org/packages/ruff/0.15.5/ruff-0.15.5.tar.gz", hash = "sha256:7c3601d3b6d76dce18c5c824fc8d06f4eef33d6df0c21ec7799510cde0f159a2" }
wheels = [
    { url = "https://nexus.lfpconnect.io/repository/pypi.org/packages/ruff/0.15.5/ruff-0.15.5-py3-none-linux_armv6l.whl", hash = "sha256:4ae44c42281f42e3b06b988e442d344a5b9b72450ff3c892e30d11b29a96a57c" },
    { url = "https://nexus.lfpconnect.io/repository/pypi.org/packages/ruff/0.15.5/ruff-0.15.5-py3-none-macosx_10_12_x86_64.whl", hash = "sha256:6edd3792d408ebcf61adabc01822da687579a1a023f297618ac27a5b51ef0080" },
    { url = "https://nexus.lfpconnect.io/repository/pypi.org/packages/ruff/0.15.5/ruff-0.15.5-py3-none-macosx_11_0_arm64.whl", hash = "sha256:89f463f7c8205a9f8dea9d658d59eff49db05f88f89cc3047fb1a02d9f344010" },
    { url = "https://nexus.lfpconnect.io/repository/pypi.org/packages/ruff/0.15.5/ruff-0.15.5-py3-none-manylinux_2_17_aarch64.manylinux2014_aarch64.whl", hash = "sha256:ba786a8295c6574c1116704cf0b9e6563de3432ac888d8f83685654fe528fd65" },
    { url = "https://nexus.lfpconnect.io/repository/pypi.org/packages/ruff/0.15.5/ruff-0.15.5-py3-none-manylinux_2_17_armv7l.manylinux2014_armv7l.whl", hash = "sha256:fd4b801e57955fe9f02b31d20375ab3a5c4415f2e5105b79fb94cf2642c91440" },
    { url = "https://nexus.lfpconnect.io/repository/pypi.org/packages/ruff/0.15.5/ruff-0.15.5-py3-none-manylinux_2_17_i686.manylinux2014_i686.whl", hash = "sha256:391f7c73388f3d8c11b794dbbc2959a5b5afe66642c142a6effa90b45f6f5204" },
    { url = "https://nexus.lfpconnect.io/repository/pypi.org/packages/ruff/0.15.5/ruff-0.15.5-py3-none-manylinux_2_17_ppc64le.manylinux2014_ppc64le.whl", hash = "sha256:8dc18f30302e379fe1e998548b0f5e9f4dff907f52f73ad6da419ea9c19d66c8" },
    { url = "https://nexus.lfpconnect.io/repository/pypi.org/packages/ruff/0.15.5/ruff-0.15.5-py3-none-manylinux_2_17_s390x.manylinux2014_s390x.whl", hash = "sha256:1cc6e7f90087e2d27f98dc34ed1b3ab7c8f0d273cc5431415454e22c0bd2a681" },
    { url = "https://nexus.lfpconnect.io/repository/pypi.org/packages/ruff/0.15.5/ruff-0.15.5-py3-none-manylinux_2_17_x86_64.manylinux2014_x86_64.whl", hash = "sha256:c1cb7169f53c1ddb06e71a9aebd7e98fc0fea936b39afb36d8e86d36ecc2636a" },
    { url = "https://nexus.lfpconnect.io/repository/pypi.org/packages/ruff/0.15.5/ruff-0.15.5-py3-none-manylinux_2_31_riscv64.whl", hash = "sha256:9b037924500a31ee17389b5c8c4d88874cc6ea8e42f12e9c61a3d754ff72f1ca" },
    { url = "https://nexus.lfpconnect.io/repository/pypi.org/packages/ruff/0.15.5/ruff-0.15.5-py3-none-musllinux_1_2_aarch64.whl", hash = "sha256:65bb414e5b4eadd95a8c1e4804f6772bbe8995889f203a01f77ddf2d790929dd" },
    { url = "https://nexus.lfpconnect.io/repository/pypi.org/packages/ruff/0.15.5/ruff-0.15.5-py3-none-musllinux_1_2_armv7l.whl", hash = "sha256:d20aa469ae3b57033519c559e9bc9cd9e782842e39be05b50e852c7c981fa01d" },
    { url = "https://nexus.lfpconnect.io/repository/pypi.org/packages/ruff/0.15.5/ruff-0.15.5-py3-none-musllinux_1_2_i686.whl", hash = "sha256:15388dd28c9161cdb8eda68993533acc870aa4e646a0a277aa166de9ad5a8752" },
    { url = "https://nexus.lfpconnect.io/repository/pypi.org/packages/ruff/0.15.5/ruff-0.15.5-py3-none-musllinux_1_2_x86_64.whl", hash = "sha256:b30da330cbd03bed0c21420b6b953158f60c74c54c5f4c1dabbdf3a57bf355d2" },
    { url = "https://nexus.lfpconnect.io/repository/pypi.org/packages/ruff/0.15.5/ruff-0.15.5-py3-none-win32.whl", hash = "sha256:732e5ee1f98ba5b3679029989a06ca39a950cced52143a0ea82a2102cb592b74" },
    { url = "https://nexus.lfpconnect.io/repository/pypi.org/packages/ruff/0.15.5/ruff-0.15.5-py3-none-win_amd64.whl", hash = "sha256:821d41c5fa9e19117616c35eaa3f4b75046ec76c65e7ae20a333e9a8696bc7fe" },
    { url = "https://nexus.lfpconnect.io/repository/pypi.org/packages/ruff/0.15.5/ruff-0.15.5-py3-none-win_arm64.whl", hash = "sha256:b498d1c60d2fe5c10c45ec3f698901065772730b411f164ae270bb6bfcc4740b" },
]

[[package]]
name = "sitecustomize-entrypoints"
version = "1.1.0"
source = { registry = "https://nexus.lfpconnect.io/repository/pypi.org/simple" }
sdist = { url = "https://nexus.lfpconnect.io/repository/pypi.org/packages/sitecustomize-entrypoints/1.1.0/sitecustomize-entrypoints-1.1.0.tar.gz", hash = "sha256:8bf9c9f3572e1709331f435a9bffd465320be77d65adda0f82b504594dc507b4" }
wheels = [
    { url = "https://nexus.lfpconnect.io/repository/pypi.org/packages/sitecustomize-entrypoints/1.1.0/sitecustomize_entrypoints-1.1.0-py3-none-any.whl", hash = "sha256:ca80648c58d9ebcad31de46a4726213ae322fe829b285a0105da0eae3f74cb53" },
]

[[package]]
name = "tomlkit"
version = "0.14.0"
source = { registry = "https://nexus.lfpconnect.io/repository/pypi.org/simple" }
sdist = { url = "https://nexus.lfpconnect.io/repository/pypi.org/packages/tomlkit/0.14.0/tomlkit-0.14.0.tar.gz", hash = "sha256:cf00efca415dbd57575befb1f6634c4f42d2d87dbba376128adb42c121b87064" }
wheels = [
    { url = "https://nexus.lfpconnect.io/repository/pypi.org/packages/tomlkit/0.14.0/tomlkit-0.14.0-py3-none-any.whl", hash = "sha256:592064ed85b40fa213469f81ac584f67a4f2992509a7c3ea2d632208623a3680" },
]

[[package]]
name = "typing-extensions"
version = "4.15.0"
source = { registry = "https://nexus.lfpconnect.io/repository/pypi.org/simple" }
sdist = { url = "https://nexus.lfpconnect.io/repository/pypi.org/packages/typing-extensions/4.15.0/typing_extensions-4.15.0.tar.gz", hash = "sha256:0cea48d173cc12fa28ecabc3b837ea3cf6f38c6d1136f85cbaaf598984861466" }
wheels = [
    { url = "https://nexus.lfpconnect.io/repository/pypi.org/packages/typing-extensions/4.15.0/typing_extensions-4.15.0-py3-none-any.whl", hash = "sha256:f0fa19c6845758ab08074a0cfa8b7aecb71c999ca73d62883bc25cc018c4e548" },
]

[[package]]
name = "typing-inspection"
version = "0.4.2"
source = { registry = "https://nexus.lfpconnect.io/repository/pypi.org/simple" }
dependencies = [
    { name = "typing-extensions" },
]
sdist = { url = "https://nexus.lfpconnect.io/repository/pypi.org/packages/typing-inspection/0.4.2/typing_inspection-0.4.2.tar.gz", hash = "sha256:ba561c48a67c5958007083d386c3295464928b01faa735ab8547c5692e87f464" }
wheels = [
    { url = "https://nexus.lfpconnect.io/repository/pypi.org/packages/typing-inspection/0.4.2/typing_inspection-0.4.2-py3-none-any.whl", hash = "sha256:4ed1cacbdc298c220f1bd249ed5287caa16f34d44ef4e9c3d0cbad5b521545e7" },
]

[[package]]
name = "uv"
version = "0.10.8"
source = { registry = "https://nexus.lfpconnect.io/repository/pypi.org/simple" }
sdist = { url = "https://nexus.lfpconnect.io/repository/pypi.org/packages/uv/0.10.8/uv-0.10.8.tar.gz", hash = "sha256:4b23242b5224c7eaea481ce6c6dbc210f0eafb447cf60211633980947cd23de4" }
wheels = [
    { url = "https://nexus.lfpconnect.io/repository/pypi.org/packages/uv/0.10.8/uv-0.10.8-py3-none-linux_armv6l.whl", hash = "sha256:d214c82c7c14dd23f9aeb609d03070b8ea2b2f0cf249c9321cbbb5375a17e5df" },
    { url = "https://nexus.lfpconnect.io/repository/pypi.org/packages/uv/0.10.8/uv-0.10.8-py3-none-macosx_10_12_x86_64.whl", hash = "sha256:d1315c3901c5859aec2c5b4a17da4c5410d17f6890890f9f1a31f25aa0fa9ace" },
    { url = "https://nexus.lfpconnect.io/repository/pypi.org/packages/uv/0.10.8/uv-0.10.8-py3-none-macosx_11_0_arm64.whl", hash = "sha256:a253e5d2cae9e02654de31918b610dfc8f1f16a33f34046603757820bc45ee1b" },
    { url = "https://nexus.lfpconnect.io/repository/pypi.org/packages/uv/0.10.8/uv-0.10.8-py3-none-manylinux_2_17_aarch64.manylinux2014_aarch64.musllinux_1_1_aarch64.whl", hash = "sha256:57a24e15fd9dd4a36bcec2ccbe4b26d2a172c109e954a8940f5e8a8b965dae74" },
    { url = "https://nexus.lfpconnect.io/repository/pypi.org/packages/uv/0.10.8/uv-0.10.8-py3-none-manylinux_2_17_armv7l.manylinux2014_armv7l.musllinux_1_1_armv7l.whl", hash = "sha256:675dc659195f9b9811ef5534eb3f16459fc88e109aefacbc91c07751b5b9715a" },
    { url = "https://nexus.lfpconnect.io/repository/pypi.org/packages/uv/0.10.8/uv-0.10.8-py3-none-manylinux_2_17_armv7l.manylinux2014_armv7l.whl", hash = "sha256:18d2968b0a50111c2fc6b782f7c63ded4f461c44efab537f552cf565f9aaae25" },
    { url = "https://nexus.lfpconnect.io/repository/pypi.org/packages/uv/0.10.8/uv-0.10.8-py3-none-manylinux_2_17_i686.manylinux2014_i686.whl", hash = "sha256:8ed3c7ebb6f757cddedb56dec3d7c745e5ea7310b11e12ae1c28f1e8172e7bbf" },
    { url = "https://nexus.lfpconnect.io/repository/pypi.org/packages/uv/0.10.8/uv-0.10.8-py3-none-manylinux_2_17_ppc64le.manylinux2014_ppc64le.whl", hash = "sha256:ffaf115501e33be0d4f13cb5b7c2b46b031d4c679a6109e24a7edfb719c44c6c" },
    { url = "https://nexus.lfpconnect.io/repository/pypi.org/packages/uv/0.10.8/uv-0.10.8-py3-none-manylinux_2_17_s390x.manylinux2014_s390x.whl", hash = "sha256:0209ee8cb573e113ff4a760360f28448f9ebcdcf9c91ca49e872821de5d2d054" },
    { url = "https://nexus.lfpconnect.io/repository/pypi.org/packages/uv/0.10.8/uv-0.10.8-py3-none-manylinux_2_17_x86_64.manylinux2014_x86_64.whl", hash = "sha256:11dc790f732dc5fee61f0f6bd998fc2e9c200df1082245604ac091c32c23a523" },
    { url = "https://nexus.lfpconnect.io/repository/pypi.org/packages/uv/0.10.8/uv-0.10.8-py3-none-manylinux_2_28_aarch64.whl", hash = "sha256:e26f8c35684face38db814d452dd1a2181152dbf7f7b2de1f547e6ba0c378d67" },
    { url = "https://nexus.lfpconnect.io/repository/pypi.org/packages/uv/0.10.8/uv-0.10.8-py3-none-manylinux_2_31_riscv64.whl", hash = "sha256:385add107d40c43dc00ca8c1a21ecf43101f846f8339eb7026bf6c9f6df7760d" },
    { url = "https://nexus.lfpconnect.io/repository/pypi.org/packages/uv/0.10.8/uv-0.10.8-py3-none-musllinux_1_1_i686.whl", hash = "sha256:24e8eb28c4f05acb38e60fefe2a2b15f4283a3849ce580bf2a62aca0a13123b3" },
    { url = "https://nexus.lfpconnect.io/repository/pypi.org/packages/uv/0.10.8/uv-0.10.8-py3-none-musllinux_1_1_x86_64.whl", hash = "sha256:73a8c1a1fceac73cd983dcc0a64f4f94f5fd1e5428681a5a76132574264504fb" },
    { url = "https://nexus.lfpconnect.io/repository/pypi.org/packages/uv/0.10.8/uv-0.10.8-py3-none-win32.whl", hash = "sha256:9f344fdb34938ce35e9211a1b866adfa0c7f043967652ed1431917514aeec062" },
    { url = "https://nexus.lfpconnect.io/repository/pypi.org/packages/uv/0.10.8/uv-0.10.8-py3-none-win_amd64.whl", hash = "sha256:1e63015284ed28c2112717256c328513215fb966a57c5870788eac2e8f949f28" },
    { url = "https://nexus.lfpconnect.io/repository/pypi.org/packages/uv/0.10.8/uv-0.10.8-py3-none-win_arm64.whl", hash = "sha256:a80284f46b6f2e0b3d03eb7c2d43e17139a4ec313e8b9f56a71efafc996804cb" },
]

[[package]]
name = "wcmatch"
version = "10.1"
source = { registry = "https://nexus.lfpconnect.io/repository/pypi.org/simple" }
dependencies = [
    { name = "bracex" },
]
sdist = { url = "https://nexus.lfpconnect.io/repository/pypi.org/packages/wcmatch/10.1/wcmatch-10.1.tar.gz", hash = "sha256:f11f94208c8c8484a16f4f48638a85d771d9513f4ab3f37595978801cb9465af" }
wheels = [
    { url = "https://nexus.lfpconnect.io/repository/pypi.org/packages/wcmatch/10.1/wcmatch-10.1-py3-none-any.whl", hash = "sha256:5848ace7dbb0476e5e55ab63c6bbd529745089343427caa5537f230cc01beb8a" },
]

[[package]]
name = "wcwidth"
version = "0.6.0"
source = { registry = "https://nexus.lfpconnect.io/repository/pypi.org/simple" }
sdist = { url = "https://nexus.lfpconnect.io/repository/pypi.org/packages/wcwidth/0.6.0/wcwidth-0.6.0.tar.gz", hash = "sha256:cdc4e4262d6ef9a1a57e018384cbeb1208d8abbc64176027e2c2455c81313159" }
wheels = [
    { url = "https://nexus.lfpconnect.io/repository/pypi.org/packages/wcwidth/0.6.0/wcwidth-0.6.0-py3-none-any.whl", hash = "sha256:1a3a1e510b553315f8e146c54764f4fb6264ffad731b3d78088cdb1478ffbdad" },
]
